
Microsoft Visual Studio Solution File, Format Version 12.00
# Visual Studio Version 16
VisualStudioVersion = 16.0.33027.164
MinimumVisualStudioVersion = 10.0.40219.1
Project("{FAE04EC0-301F-11D3-BF4B-00C04F79EFBC}") = "TouchPortalExtension", "TouchPortalExtension.csproj", "{810D3BDD-77C1-4763-A9D9-54C2B9B1FA03}"
EndProject
Global
	GlobalSection(SolutionConfigurationPlatforms) = preSolution
		Debug|Any CPU = Debug|Any CPU
		Release|Any CPU = Release|Any CPU
	EndGlobalSection
	GlobalSection(ProjectConfigurationPlatforms) = postSolution
		{810D3BDD-77C1-4763-A9D9-54C2B9B1FA03}.Debug|Any CPU.ActiveCfg = Debug|Any CPU
		{810D3BDD-77C1-4763-A9D9-54C2B9B1FA03}.Debug|Any CPU.Build.0 = Debug|Any CPU
		{810D3BDD-77C1-4763-A9D9-54C2B9B1FA03}.Release|Any CPU.ActiveCfg = Release|Any CPU
		{810D3BDD-77C1-4763-A9D9-54C2B9B1FA03}.Release|Any CPU.Build.0 = Release|Any CPU
	EndGlobalSection
	GlobalSection(SolutionProperties) = preSolution
		HideSolutionNode = FALSE
	EndGlobalSection
	GlobalSection(ExtensibilityGlobals) = postSolution
		SolutionGuid = {908558F3-6F74-4308-8266-A4ADAC0230D6}
	EndGlobalSection
EndGlobal
